
Microsoft Visual Studio Solution File, Format Version 12.00
# Visual Studio 2012
Project("{FAE04EC0-301F-11D3-BF4B-00C04F79EFBC}") = "TabletC", "TabletC\TabletC.csproj", "{FE332EA2-3FC5-4B76-BBD1-F7B6B6F8949F}"
EndProject
Project("{FAE04EC0-301F-11D3-BF4B-00C04F79EFBC}") = "Core", "Core\Core.csproj", "{D1CAB7E3-5C20-491C-8476-61EC695F881A}"
EndProject
Project("{FAE04EC0-301F-11D3-BF4B-00C04F79EFBC}") = "DrawPad", "DrawPad\DrawPad.csproj", "{E91C8095-4399-4A38-80BB-B24D6744D819}"
EndProject
Global
	GlobalSection(SolutionConfigurationPlatforms) = preSolution
		Debug|Any CPU = Debug|Any CPU
		Release|Any CPU = Release|Any CPU
	EndGlobalSection
	GlobalSection(ProjectConfigurationPlatforms) = postSolution
		{FE332EA2-3FC5-4B76-BBD1-F7B6B6F8949F}.Debug|Any CPU.ActiveCfg = Debug|Any CPU
		{FE332EA2-3FC5-4B76-BBD1-F7B6B6F8949F}.Debug|Any CPU.Build.0 = Debug|Any CPU
		{FE332EA2-3FC5-4B76-BBD1-F7B6B6F8949F}.Release|Any CPU.ActiveCfg = Release|Any CPU
		{FE332EA2-3FC5-4B76-BBD1-F7B6B6F8949F}.Release|Any CPU.Build.0 = Release|Any CPU
		{D1CAB7E3-5C20-491C-8476-61EC695F881A}.Debug|Any CPU.ActiveCfg = Debug|Any CPU
		{D1CAB7E3-5C20-491C-8476-61EC695F881A}.Debug|Any CPU.Build.0 = Debug|Any CPU
		{D1CAB7E3-5C20-491C-8476-61EC695F881A}.Release|Any CPU.ActiveCfg = Release|Any CPU
		{D1CAB7E3-5C20-491C-8476-61EC695F881A}.Release|Any CPU.Build.0 = Release|Any CPU
		{E91C8095-4399-4A38-80BB-B24D6744D819}.Debug|Any CPU.ActiveCfg = Debug|Any CPU
		{E91C8095-4399-4A38-80BB-B24D6744D819}.Debug|Any CPU.Build.0 = Debug|Any CPU
		{E91C8095-4399-4A38-80BB-B24D6744D819}.Release|Any CPU.ActiveCfg = Release|Any CPU
		{E91C8095-4399-4A38-80BB-B24D6744D819}.Release|Any CPU.Build.0 = Release|Any CPU
	EndGlobalSection
	GlobalSection(SolutionProperties) = preSolution
		HideSolutionNode = FALSE
	EndGlobalSection
EndGlobal
